// !$*UTF8*$!
{
	archiveVersion = 1;
	classes = {
	};
	objectVersion = 56;
	objects = {

/* Begin PBXBuildFile section */
		91C018C2682F51AC7363E23E /* Pods_Yan_InPurchase.framework in Frameworks */ = {isa = PBXBuildFile; fileRef = B5037D39CAD01CF450F967B8 /* Pods_Yan_InPurchase.framework */; };
		EBDFF1CD29B82A0F0001E8A1 /* AppDelegate.swift in Sources */ = {isa = PBXBuildFile; fileRef = EBDFF1CC29B82A0F0001E8A1 /* AppDelegate.swift */; };
		EBDFF1D129B82A0F0001E8A1 /* ViewController.swift in Sources */ = {isa = PBXBuildFile; fileRef = EBDFF1D029B82A0F0001E8A1 /* ViewController.swift */; };
		EBDFF1D629B82A100001E8A1 /* Assets.xcassets in Resources */ = {isa = PBXBuildFile; fileRef = EBDFF1D529B82A100001E8A1 /* Assets.xcassets */; };
		EBDFF1D929B82A100001E8A1 /* LaunchScreen.storyboard in Resources */ = {isa = PBXBuildFile; fileRef = EBDFF1D729B82A100001E8A1 /* LaunchScreen.storyboard */; };
		EBDFF1E129B82BD80001E8A1 /* PurchaseAPI.swift in Sources */ = {isa = PBXBuildFile; fileRef = EBDFF1E029B82BD80001E8A1 /* PurchaseAPI.swift */; };
		EBDFF1E329B830C60001E8A1 /* ProoductItem.swift in Sources */ = {isa = PBXBuildFile; fileRef = EBDFF1E229B830C60001E8A1 /* ProoductItem.swift */; };
		EBDFF1EA29B8341F0001E8A1 /* NetworkAPI.swift in Sources */ = {isa = PBXBuildFile; fileRef = EBDFF1E929B8341F0001E8A1 /* NetworkAPI.swift */; };
		EBDFF1EC29B87FCF0001E8A1 /* Constant.swift in Sources */ = {isa = PBXBuildFile; fileRef = EBDFF1EB29B87FCF0001E8A1 /* Constant.swift */; };
		EBDFF1FA29B9C0680001E8A1 /* UIColor.swift in Sources */ = {isa = PBXBuildFile; fileRef = EBDFF1F929B9C0680001E8A1 /* UIColor.swift */; };
		EBDFF1FE29B9C2E30001E8A1 /* NoNetworkView.swift in Sources */ = {isa = PBXBuildFile; fileRef = EBDFF1FD29B9C2E30001E8A1 /* NoNetworkView.swift */; };
		EBDFF20029BADA2D0001E8A1 /* LoadingView.swift in Sources */ = {isa = PBXBuildFile; fileRef = EBDFF1FF29BADA2D0001E8A1 /* LoadingView.swift */; };
/* End PBXBuildFile section */

/* Begin PBXFileReference section */
		206EC17F41D5B5B41845E9EE /* Pods-Yan_InPurchase.debug.xcconfig */ = {isa = PBXFileReference; includeInIndex = 1; lastKnownFileType = text.xcconfig; name = "Pods-Yan_InPurchase.debug.xcconfig"; path = "Target Support Files/Pods-Yan_InPurchase/Pods-Yan_InPurchase.debug.xcconfig"; sourceTree = "<group>"; };
		B109D61685B8E946AD2119D9 /* Pods-Yan_InPurchase.release.xcconfig */ = {isa = PBXFileReference; includeInIndex = 1; lastKnownFileType = text.xcconfig; name = "Pods-Yan_InPurchase.release.xcconfig"; path = "Target Support Files/Pods-Yan_InPurchase/Pods-Yan_InPurchase.release.xcconfig"; sourceTree = "<group>"; };
		B5037D39CAD01CF450F967B8 /* Pods_Yan_InPurchase.framework */ = {isa = PBXFileReference; explicitFileType = wrapper.framework; includeInIndex = 0; path = Pods_Yan_InPurchase.framework; sourceTree = BUILT_PRODUCTS_DIR; };
		EBDFF1C929B82A0F0001E8A1 /* Yan_InPurchase.app */ = {isa = PBXFileReference; explicitFileType = wrapper.application; includeInIndex = 0; path = Yan_InPurchase.app; sourceTree = BUILT_PRODUCTS_DIR; };
		EBDFF1CC29B82A0F0001E8A1 /* AppDelegate.swift */ = {isa = PBXFileReference; lastKnownFileType = sourcecode.swift; path = AppDelegate.swift; sourceTree = "<group>"; };
		EBDFF1D029B82A0F0001E8A1 /* ViewController.swift */ = {isa = PBXFileReference; lastKnownFileType = sourcecode.swift; path = ViewController.swift; sourceTree = "<group>"; };
		EBDFF1D529B82A100001E8A1 /* Assets.xcassets */ = {isa = PBXFileReference; lastKnownFileType = folder.assetcatalog; path = Assets.xcassets; sourceTree = "<group>"; };
		EBDFF1D829B82A100001E8A1 /* Base */ = {isa = PBXFileReference; lastKnownFileType = file.storyboard; name = Base; path = Base.lproj/LaunchScreen.storyboard; sourceTree = "<group>"; };
		EBDFF1DA29B82A100001E8A1 /* Info.plist */ = {isa = PBXFileReference; lastKnownFileType = text.plist.xml; path = Info.plist; sourceTree = "<group>"; };
		EBDFF1E029B82BD80001E8A1 /* PurchaseAPI.swift */ = {isa = PBXFileReference; lastKnownFileType = sourcecode.swift; path = PurchaseAPI.swift; sourceTree = "<group>"; };
		EBDFF1E229B830C60001E8A1 /* ProoductItem.swift */ = {isa = PBXFileReference; lastKnownFileType = sourcecode.swift; path = ProoductItem.swift; sourceTree = "<group>"; };
		EBDFF1E929B8341F0001E8A1 /* NetworkAPI.swift */ = {isa = PBXFileReference; lastKnownFileType = sourcecode.swift; path = NetworkAPI.swift; sourceTree = "<group>"; };
		EBDFF1EB29B87FCF0001E8A1 /* Constant.swift */ = {isa = PBXFileReference; lastKnownFileType = sourcecode.swift; path = Constant.swift; sourceTree = "<group>"; };
		EBDFF1F929B9C0680001E8A1 /* UIColor.swift */ = {isa = PBXFileReference; fileEncoding = 4; lastKnownFileType = sourcecode.swift; path = UIColor.swift; sourceTree = "<group>"; };
		EBDFF1FD29B9C2E30001E8A1 /* NoNetworkView.swift */ = {isa = PBXFileReference; fileEncoding = 4; lastKnownFileType = sourcecode.swift; path = NoNetworkView.swift; sourceTree = "<group>"; };
		EBDFF1FF29BADA2D0001E8A1 /* LoadingView.swift */ = {isa = PBXFileReference; lastKnownFileType = sourcecode.swift; path = LoadingView.swift; sourceTree = "<group>"; };
/* End PBXFileReference section */

/* Begin PBXFrameworksBuildPhase section */
		EBDFF1C629B82A0F0001E8A1 /* Frameworks */ = {
			isa = PBXFrameworksBuildPhase;
			buildActionMask = 2147483647;
			files = (
				91C018C2682F51AC7363E23E /* Pods_Yan_InPurchase.framework in Frameworks */,
			);
			runOnlyForDeploymentPostprocessing = 0;
		};
/* End PBXFrameworksBuildPhase section */

/* Begin PBXGroup section */
		0E50F06832366EE810520359 /* Pods */ = {
			isa = PBXGroup;
			children = (
				206EC17F41D5B5B41845E9EE /* Pods-Yan_InPurchase.debug.xcconfig */,
				B109D61685B8E946AD2119D9 /* Pods-Yan_InPurchase.release.xcconfig */,
			);
			path = Pods;
			sourceTree = "<group>";
		};
		210DE5952AF7F90026AC5582 /* Frameworks */ = {
			isa = PBXGroup;
			children = (
				B5037D39CAD01CF450F967B8 /* Pods_Yan_InPurchase.framework */,
			);
			name = Frameworks;
			sourceTree = "<group>";
		};
		EBDFF1C029B82A0F0001E8A1 = {
			isa = PBXGroup;
			children = (
				EBDFF1CB29B82A0F0001E8A1 /* Yan_InPurchase */,
				EBDFF1CA29B82A0F0001E8A1 /* Products */,
				0E50F06832366EE810520359 /* Pods */,
				210DE5952AF7F90026AC5582 /* Frameworks */,
			);
			sourceTree = "<group>";
		};
		EBDFF1CA29B82A0F0001E8A1 /* Products */ = {
			isa = PBXGroup;
			children = (
				EBDFF1C929B82A0F0001E8A1 /* Yan_InPurchase.app */,
			);
			name = Products;
			sourceTree = "<group>";
		};
		EBDFF1CB29B82A0F0001E8A1 /* Yan_InPurchase */ = {
			isa = PBXGroup;
			children = (
				EBDFF1F229B9B4DB0001E8A1 /* View */,
				EBDFF1EF29B886390001E8A1 /* Extension */,
				EBDFF1E829B830F90001E8A1 /* General */,
				EBDFF1E629B830D90001E8A1 /* ViewControllers */,
				EBDFF1E729B830EF0001E8A1 /* Resources */,
				EBDFF1E529B830D20001E8A1 /* Manager */,
				EBDFF1E429B830CC0001E8A1 /* Model */,
			);
			path = Yan_InPurchase;
			sourceTree = "<group>";
		};
		EBDFF1E429B830CC0001E8A1 /* Model */ = {
			isa = PBXGroup;
			children = (
				EBDFF1E229B830C60001E8A1 /* ProoductItem.swift */,
			);
			path = Model;
			sourceTree = "<group>";
		};
		EBDFF1E529B830D20001E8A1 /* Manager */ = {
			isa = PBXGroup;
			children = (
				EBDFF1E029B82BD80001E8A1 /* PurchaseAPI.swift */,
				EBDFF1E929B8341F0001E8A1 /* NetworkAPI.swift */,
			);
			path = Manager;
			sourceTree = "<group>";
		};
		EBDFF1E629B830D90001E8A1 /* ViewControllers */ = {
			isa = PBXGroup;
			children = (
				EBDFF1D029B82A0F0001E8A1 /* ViewController.swift */,
			);
			path = ViewControllers;
			sourceTree = "<group>";
		};
		EBDFF1E729B830EF0001E8A1 /* Resources */ = {
			isa = PBXGroup;
			children = (
				EBDFF1D529B82A100001E8A1 /* Assets.xcassets */,
				EBDFF1D729B82A100001E8A1 /* LaunchScreen.storyboard */,
				EBDFF1DA29B82A100001E8A1 /* Info.plist */,
			);
			path = Resources;
			sourceTree = "<group>";
		};
		EBDFF1E829B830F90001E8A1 /* General */ = {
			isa = PBXGroup;
			children = (
				EBDFF1CC29B82A0F0001E8A1 /* AppDelegate.swift */,
				EBDFF1EB29B87FCF0001E8A1 /* Constant.swift */,
			);
			path = General;
			sourceTree = "<group>";
		};
		EBDFF1EF29B886390001E8A1 /* Extension */ = {
			isa = PBXGroup;
			children = (
				EBDFF1F929B9C0680001E8A1 /* UIColor.swift */,
			);
			path = Extension;
			sourceTree = "<group>";
		};
		EBDFF1F229B9B4DB0001E8A1 /* View */ = {
			isa = PBXGroup;
			children = (
				EBDFF1FD29B9C2E30001E8A1 /* NoNetworkView.swift */,
				EBDFF1FF29BADA2D0001E8A1 /* LoadingView.swift */,
			);
			path = View;
			sourceTree = "<group>";
		};
/* End PBXGroup section */

/* Begin PBXNativeTarget section */
		EBDFF1C829B82A0F0001E8A1 /* Yan_InPurchase */ = {
			isa = PBXNativeTarget;
			buildConfigurationList = EBDFF1DD29B82A100001E8A1 /* Build configuration list for PBXNativeTarget "Yan_InPurchase" */;
			buildPhases = (
				2A37A1B2ACE5B56809DD1255 /* [CP] Check Pods Manifest.lock */,
				EBDFF1C529B82A0F0001E8A1 /* Sources */,
				EBDFF1C629B82A0F0001E8A1 /* Frameworks */,
				EBDFF1C729B82A0F0001E8A1 /* Resources */,
				C96391559DC645738A0DF4A2 /* [CP] Embed Pods Frameworks */,
			);
			buildRules = (
			);
			dependencies = (
			);
			name = Yan_InPurchase;
			productName = Yan_InPurchase;
			productReference = EBDFF1C929B82A0F0001E8A1 /* Yan_InPurchase.app */;
			productType = "com.apple.product-type.application";
		};
/* End PBXNativeTarget section */

/* Begin PBXProject section */
		EBDFF1C129B82A0F0001E8A1 /* Project object */ = {
			isa = PBXProject;
			attributes = {
				BuildIndependentTargetsInParallel = 1;
				LastSwiftUpdateCheck = 1400;
				LastUpgradeCheck = 1400;
				TargetAttributes = {
					EBDFF1C829B82A0F0001E8A1 = {
						CreatedOnToolsVersion = 14.0;
					};
				};
			};
			buildConfigurationList = EBDFF1C429B82A0F0001E8A1 /* Build configuration list for PBXProject "Yan_InPurchase" */;
			compatibilityVersion = "Xcode 14.0";
			developmentRegion = en;
			hasScannedForEncodings = 0;
			knownRegions = (
				en,
				Base,
			);
			mainGroup = EBDFF1C029B82A0F0001E8A1;
			productRefGroup = EBDFF1CA29B82A0F0001E8A1 /* Products */;
			projectDirPath = "";
			projectRoot = "";
			targets = (
				EBDFF1C829B82A0F0001E8A1 /* Yan_InPurchase */,
			);
		};
/* End PBXProject section */

/* Begin PBXResourcesBuildPhase section */
		EBDFF1C729B82A0F0001E8A1 /* Resources */ = {
			isa = PBXResourcesBuildPhase;
			buildActionMask = 2147483647;
			files = (
				EBDFF1D929B82A100001E8A1 /* LaunchScreen.storyboard in Resources */,
				EBDFF1D629B82A100001E8A1 /* Assets.xcassets in Resources */,
			);
			runOnlyForDeploymentPostprocessing = 0;
		};
/* End PBXResourcesBuildPhase section */

/* Begin PBXShellScriptBuildPhase section */
		2A37A1B2ACE5B56809DD1255 /* [CP] Check Pods Manifest.lock */ = {
			isa = PBXShellScriptBuildPhase;
			buildActionMask = 2147483647;
			files = (
			);
			inputFileListPaths = (
			);
			inputPaths = (
				"${PODS_PODFILE_DIR_PATH}/Podfile.lock",
				"${PODS_ROOT}/Manifest.lock",
			);
			name = "[CP] Check Pods Manifest.lock";
			outputFileListPaths = (
			);
			outputPaths = (
				"$(DERIVED_FILE_DIR)/Pods-Yan_InPurchase-checkManifestLockResult.txt",
			);
			runOnlyForDeploymentPostprocessing = 0;
			shellPath = /bin/sh;
			shellScript = "diff \"${PODS_PODFILE_DIR_PATH}/Podfile.lock\" \"${PODS_ROOT}/Manifest.lock\" > /dev/null\nif [ $? != 0 ] ; then\n    # print error to STDERR\n    echo \"error: The sandbox is not in sync with the Podfile.lock. Run 'pod install' or update your CocoaPods installation.\" >&2\n    exit 1\nfi\n# This output is used by Xcode 'outputs' to avoid re-running this script phase.\necho \"SUCCESS\" > \"${SCRIPT_OUTPUT_FILE_0}\"\n";
			showEnvVarsInLog = 0;
		};
		C96391559DC645738A0DF4A2 /* [CP] Embed Pods Frameworks */ = {
			isa = PBXShellScriptBuildPhase;
			buildActionMask = 2147483647;
			files = (
			);
			inputFileListPaths = (
				"${PODS_ROOT}/Target Support Files/Pods-Yan_InPurchase/Pods-Yan_InPurchase-frameworks-${CONFIGURATION}-input-files.xcfilelist",
			);
			name = "[CP] Embed Pods Frameworks";
			outputFileListPaths = (
				"${PODS_ROOT}/Target Support Files/Pods-Yan_InPurchase/Pods-Yan_InPurchase-frameworks-${CONFIGURATION}-output-files.xcfilelist",
			);
			runOnlyForDeploymentPostprocessing = 0;
			shellPath = /bin/sh;
			shellScript = "\"${PODS_ROOT}/Target Support Files/Pods-Yan_InPurchase/Pods-Yan_InPurchase-frameworks.sh\"\n";
			showEnvVarsInLog = 0;
		};
/* End PBXShellScriptBuildPhase section */

/* Begin PBXSourcesBuildPhase section */
		EBDFF1C529B82A0F0001E8A1 /* Sources */ = {
			isa = PBXSourcesBuildPhase;
			buildActionMask = 2147483647;
			files = (
				EBDFF1FA29B9C0680001E8A1 /* UIColor.swift in Sources */,
				EBDFF1E329B830C60001E8A1 /* ProoductItem.swift in Sources */,
				EBDFF1EA29B8341F0001E8A1 /* NetworkAPI.swift in Sources */,
				EBDFF1E129B82BD80001E8A1 /* PurchaseAPI.swift in Sources */,
				EBDFF1D129B82A0F0001E8A1 /* ViewController.swift in Sources */,
				EBDFF1CD29B82A0F0001E8A1 /* AppDelegate.swift in Sources */,
				EBDFF1EC29B87FCF0001E8A1 /* Constant.swift in Sources */,
				EBDFF1FE29B9C2E30001E8A1 /* NoNetworkView.swift in Sources */,
				EBDFF20029BADA2D0001E8A1 /* LoadingView.swift in Sources */,
			);
			runOnlyForDeploymentPostprocessing = 0;
		};
/* End PBXSourcesBuildPhase section */

/* Begin PBXVariantGroup section */
		EBDFF1D729B82A100001E8A1 /* LaunchScreen.storyboard */ = {
			isa = PBXVariantGroup;
			children = (
				EBDFF1D829B82A100001E8A1 /* Base */,
			);
			name = LaunchScreen.storyboard;
			sourceTree = "<group>";
		};
/* End PBXVariantGroup section */

/* Begin XCBuildConfiguration section */
		EBDFF1DB29B82A100001E8A1 /* Debug */ = {
			isa = XCBuildConfiguration;
			buildSettings = {
				ALWAYS_SEARCH_USER_PATHS = NO;
				CLANG_ANALYZER_NONNULL = YES;
				CLANG_ANALYZER_NUMBER_OBJECT_CONVERSION = YES_AGGRESSIVE;
				CLANG_CXX_LANGUAGE_STANDARD = "gnu++20";
				CLANG_ENABLE_MODULES = YES;
				CLANG_ENABLE_OBJC_ARC = YES;
				CLANG_ENABLE_OBJC_WEAK = YES;
				CLANG_WARN_BLOCK_CAPTURE_AUTORELEASING = YES;
				CLANG_WARN_BOOL_CONVERSION = YES;
				CLANG_WARN_COMMA = YES;
				CLANG_WARN_CONSTANT_CONVERSION = YES;
				CLANG_WARN_DEPRECATED_OBJC_IMPLEMENTATIONS = YES;
				CLANG_WARN_DIRECT_OBJC_ISA_USAGE = YES_ERROR;
				CLANG_WARN_DOCUMENTATION_COMMENTS = YES;
				CLANG_WARN_EMPTY_BODY = YES;
				CLANG_WARN_ENUM_CONVERSION = YES;
				CLANG_WARN_INFINITE_RECURSION = YES;
				CLANG_WARN_INT_CONVERSION = YES;
				CLANG_WARN_NON_LITERAL_NULL_CONVERSION = YES;
				CLANG_WARN_OBJC_IMPLICIT_RETAIN_SELF = YES;
				CLANG_WARN_OBJC_LITERAL_CONVERSION = YES;
				CLANG_WARN_OBJC_ROOT_CLASS = YES_ERROR;
				CLANG_WARN_QUOTED_INCLUDE_IN_FRAMEWORK_HEADER = YES;
				CLANG_WARN_RANGE_LOOP_ANALYSIS = YES;
				CLANG_WARN_STRICT_PROTOTYPES = YES;
				CLANG_WARN_SUSPICIOUS_MOVE = YES;
				CLANG_WARN_UNGUARDED_AVAILABILITY = YES_AGGRESSIVE;
				CLANG_WARN_UNREACHABLE_CODE = YES;
				CLANG_WARN__DUPLICATE_METHOD_MATCH = YES;
				COPY_PHASE_STRIP = NO;
				DEBUG_INFORMATION_FORMAT = dwarf;
				ENABLE_STRICT_OBJC_MSGSEND = YES;
				ENABLE_TESTABILITY = YES;
				GCC_C_LANGUAGE_STANDARD = gnu11;
				GCC_DYNAMIC_NO_PIC = NO;
				GCC_NO_COMMON_BLOCKS = YES;
				GCC_OPTIMIZATION_LEVEL = 0;
				GCC_PREPROCESSOR_DEFINITIONS = (
					"DEBUG=1",
					"$(inherited)",
				);
				GCC_WARN_64_TO_32_BIT_CONVERSION = YES;
				GCC_WARN_ABOUT_RETURN_TYPE = YES_ERROR;
				GCC_WARN_UNDECLARED_SELECTOR = YES;
				GCC_WARN_UNINITIALIZED_AUTOS = YES_AGGRESSIVE;
				GCC_WARN_UNUSED_FUNCTION = YES;
				GCC_WARN_UNUSED_VARIABLE = YES;
				IPHONEOS_DEPLOYMENT_TARGET = 12.0;
				MTL_ENABLE_DEBUG_INFO = INCLUDE_SOURCE;
				MTL_FAST_MATH = YES;
				ONLY_ACTIVE_ARCH = YES;
				SDKROOT = iphoneos;
				SWIFT_ACTIVE_COMPILATION_CONDITIONS = DEBUG;
				SWIFT_OPTIMIZATION_LEVEL = "-Onone";
			};
			name = Debug;
		};
		EBDFF1DC29B82A100001E8A1 /* Release */ = {
			isa = XCBuildConfiguration;
			buildSettings = {
				ALWAYS_SEARCH_USER_PATHS = NO;
				CLANG_ANALYZER_NONNULL = YES;
				CLANG_ANALYZER_NUMBER_OBJECT_CONVERSION = YES_AGGRESSIVE;
				CLANG_CXX_LANGUAGE_STANDARD = "gnu++20";
				CLANG_ENABLE_MODULES = YES;
				CLANG_ENABLE_OBJC_ARC = YES;
				CLANG_ENABLE_OBJC_WEAK = YES;
				CLANG_WARN_BLOCK_CAPTURE_AUTORELEASING = YES;
				CLANG_WARN_BOOL_CONVERSION = YES;
				CLANG_WARN_COMMA = YES;
				CLANG_WARN_CONSTANT_CONVERSION = YES;
				CLANG_WARN_DEPRECATED_OBJC_IMPLEMENTATIONS = YES;
				CLANG_WARN_DIRECT_OBJC_ISA_USAGE = YES_ERROR;
				CLANG_WARN_DOCUMENTATION_COMMENTS = YES;
				CLANG_WARN_EMPTY_BODY = YES;
				CLANG_WARN_ENUM_CONVERSION = YES;
				CLANG_WARN_INFINITE_RECURSION = YES;
				CLANG_WARN_INT_CONVERSION = YES;
				CLANG_WARN_NON_LITERAL_NULL_CONVERSION = YES;
				CLANG_WARN_OBJC_IMPLICIT_RETAIN_SELF = YES;
				CLANG_WARN_OBJC_LITERAL_CONVERSION = YES;
				CLANG_WARN_OBJC_ROOT_CLASS = YES_ERROR;
				CLANG_WARN_QUOTED_INCLUDE_IN_FRAMEWORK_HEADER = YES;
				CLANG_WARN_RANGE_LOOP_ANALYSIS = YES;
				CLANG_WARN_STRICT_PROTOTYPES = YES;
				CLANG_WARN_SUSPICIOUS_MOVE = YES;
				CLANG_WARN_UNGUARDED_AVAILABILITY = YES_AGGRESSIVE;
				CLANG_WARN_UNREACHABLE_CODE = YES;
				CLANG_WARN__DUPLICATE_METHOD_MATCH = YES;
				COPY_PHASE_STRIP = NO;
				DEBUG_INFORMATION_FORMAT = "dwarf-with-dsym";
				ENABLE_NS_ASSERTIONS = NO;
				ENABLE_STRICT_OBJC_MSGSEND = YES;
				GCC_C_LANGUAGE_STANDARD = gnu11;
				GCC_NO_COMMON_BLOCKS = YES;
				GCC_WARN_64_TO_32_BIT_CONVERSION = YES;
				GCC_WARN_ABOUT_RETURN_TYPE = YES_ERROR;
				GCC_WARN_UNDECLARED_SELECTOR = YES;
				GCC_WARN_UNINITIALIZED_AUTOS = YES_AGGRESSIVE;
				GCC_WARN_UNUSED_FUNCTION = YES;
				GCC_WARN_UNUSED_VARIABLE = YES;
				IPHONEOS_DEPLOYMENT_TARGET = 12.0;
				MTL_ENABLE_DEBUG_INFO = NO;
				MTL_FAST_MATH = YES;
				SDKROOT = iphoneos;
				SWIFT_COMPILATION_MODE = wholemodule;
				SWIFT_OPTIMIZATION_LEVEL = "-O";
				VALIDATE_PRODUCT = YES;
			};
			name = Release;
		};
		EBDFF1DE29B82A100001E8A1 /* Debug */ = {
			isa = XCBuildConfiguration;
			baseConfigurationReference = 206EC17F41D5B5B41845E9EE /* Pods-Yan_InPurchase.debug.xcconfig */;
			buildSettings = {
				ASSETCATALOG_COMPILER_APPICON_NAME = AppIcon;
				ASSETCATALOG_COMPILER_GLOBAL_ACCENT_COLOR_NAME = AccentColor;
				CODE_SIGN_STYLE = Automatic;
				CURRENT_PROJECT_VERSION = 1;
				DEVELOPMENT_TEAM = 2LLNTMFL77;
				GENERATE_INFOPLIST_FILE = YES;
				INFOPLIST_FILE = Yan_InPurchase/Resources/Info.plist;
				INFOPLIST_KEY_UIApplicationSupportsIndirectInputEvents = YES;
				INFOPLIST_KEY_UILaunchStoryboardName = LaunchScreen;
				INFOPLIST_KEY_UISupportedInterfaceOrientations_iPad = UIInterfaceOrientationPortrait;
				INFOPLIST_KEY_UISupportedInterfaceOrientations_iPhone = "UIInterfaceOrientationPortrait UIInterfaceOrientationLandscapeLeft UIInterfaceOrientationLandscapeRight";
				LD_RUNPATH_SEARCH_PATHS = (
					"$(inherited)",
					"@executable_path/Frameworks",
				);
				MARKETING_VERSION = 1.0;
				PRODUCT_BUNDLE_IDENTIFIER = com.codecoolapps.airdrop;
				PRODUCT_NAME = "$(TARGET_NAME)";
				SWIFT_EMIT_LOC_STRINGS = YES;
				SWIFT_VERSION = 5.0;
				TARGETED_DEVICE_FAMILY = "1,2";
			};
			name = Debug;
		};
		EBDFF1DF29B82A100001E8A1 /* Release */ = {
			isa = XCBuildConfiguration;
			baseConfigurationReference = B109D61685B8E946AD2119D9 /* Pods-Yan_InPurchase.release.xcconfig */;
			buildSettings = {
				ASSETCATALOG_COMPILER_APPICON_NAME = AppIcon;
				ASSETCATALOG_COMPILER_GLOBAL_ACCENT_COLOR_NAME = AccentColor;
				CODE_SIGN_STYLE = Automatic;
				CURRENT_PROJECT_VERSION = 1;
				DEVELOPMENT_TEAM = 2LLNTMFL77;
				GENERATE_INFOPLIST_FILE = YES;
				INFOPLIST_FILE = Yan_InPurchase/Resources/Info.plist;
				INFOPLIST_KEY_UIApplicationSupportsIndirectInputEvents = YES;
				INFOPLIST_KEY_UILaunchStoryboardName = LaunchScreen;
				INFOPLIST_KEY_UISupportedInterfaceOrientations_iPad = UIInterfaceOrientationPortrait;
				INFOPLIST_KEY_UISupportedInterfaceOrientations_iPhone = "UIInterfaceOrientationPortrait UIInterfaceOrientationLandscapeLeft UIInterfaceOrientationLandscapeRight";
				LD_RUNPATH_SEARCH_PATHS = (
					"$(inherited)",
					"@executable_path/Frameworks",
				);
				MARKETING_VERSION = 1.0;
				PRODUCT_BUNDLE_IDENTIFIER = com.codecoolapps.airdrop;
				PRODUCT_NAME = "$(TARGET_NAME)";
				SWIFT_EMIT_LOC_STRINGS = YES;
				SWIFT_VERSION = 5.0;
				TARGETED_DEVICE_FAMILY = "1,2";
			};
			name = Release;
		};
/* End XCBuildConfiguration section */

/* Begin XCConfigurationList section */
		EBDFF1C429B82A0F0001E8A1 /* Build configuration list for PBXProject "Yan_InPurchase" */ = {
			isa = XCConfigurationList;
			buildConfigurations = (
				EBDFF1DB29B82A100001E8A1 /* Debug */,
				EBDFF1DC29B82A100001E8A1 /* Release */,
			);
			defaultConfigurationIsVisible = 0;
			defaultConfigurationName = Release;
		};
		EBDFF1DD29B82A100001E8A1 /* Build configuration list for PBXNativeTarget "Yan_InPurchase" */ = {
			isa = XCConfigurationList;
			buildConfigurations = (
				EBDFF1DE29B82A100001E8A1 /* Debug */,
				EBDFF1DF29B82A100001E8A1 /* Release */,
			);
			defaultConfigurationIsVisible = 0;
			defaultConfigurationName = Release;
		};
/* End XCConfigurationList section */
	};
	rootObject = EBDFF1C129B82A0F0001E8A1 /* Project object */;
}
